
Microsoft Visual Studio Solution File, Format Version 12.00
# Visual Studio Version 16
VisualStudioVersion = 16.0.36422.26
MinimumVisualStudioVersion = 10.0.40219.1
Project("{FAE04EC0-301F-11D3-BF4B-00C04F79EFBC}") = "(Opdracht)Woordenslinger", "(Opdracht)Woordenslinger.csproj", "{594285AD-0A81-4265-8CD3-0431295341D7}"
EndProject
Global
	GlobalSection(SolutionConfigurationPlatforms) = preSolution
		Debug|Any CPU = Debug|Any CPU
		Release|Any CPU = Release|Any CPU
	EndGlobalSection
	GlobalSection(ProjectConfigurationPlatforms) = postSolution
		{594285AD-0A81-4265-8CD3-0431295341D7}.Debug|Any CPU.ActiveCfg = Debug|Any CPU
		{594285AD-0A81-4265-8CD3-0431295341D7}.Debug|Any CPU.Build.0 = Debug|Any CPU
		{594285AD-0A81-4265-8CD3-0431295341D7}.Release|Any CPU.ActiveCfg = Release|Any CPU
		{594285AD-0A81-4265-8CD3-0431295341D7}.Release|Any CPU.Build.0 = Release|Any CPU
	EndGlobalSection
	GlobalSection(SolutionProperties) = preSolution
		HideSolutionNode = FALSE
	EndGlobalSection
	GlobalSection(ExtensibilityGlobals) = postSolution
		SolutionGuid = {E54476DF-6CFA-486F-9B49-5D6C424E61F5}
	EndGlobalSection
EndGlobal
